// !$*UTF8*$!
{
	archiveVersion = 1;
	classes = {
	};
	objectVersion = 50;
	objects = {

/* Begin PBXBuildFile section */
		1B07B821258AC22C006760C5 /* CompositionalLayout.swift in Sources */ = {isa = PBXBuildFile; fileRef = 1B07B820258AC22C006760C5 /* CompositionalLayout.swift */; };
		1B4C75622580F82400E20FE3 /* AppDelegate.swift in Sources */ = {isa = PBXBuildFile; fileRef = 1B4C75612580F82400E20FE3 /* AppDelegate.swift */; };
		1B4C75642580F82400E20FE3 /* SceneDelegate.swift in Sources */ = {isa = PBXBuildFile; fileRef = 1B4C75632580F82400E20FE3 /* SceneDelegate.swift */; };
		1B4C75692580F82500E20FE3 /* Main.storyboard in Resources */ = {isa = PBXBuildFile; fileRef = 1B4C75672580F82500E20FE3 /* Main.storyboard */; };
		1B4C756B2580F82600E20FE3 /* Assets.xcassets in Resources */ = {isa = PBXBuildFile; fileRef = 1B4C756A2580F82600E20FE3 /* Assets.xcassets */; };
		1B4C756E2580F82600E20FE3 /* LaunchScreen.storyboard in Resources */ = {isa = PBXBuildFile; fileRef = 1B4C756C2580F82600E20FE3 /* LaunchScreen.storyboard */; };
		1B4C757C2580FF4900E20FE3 /* PixabayCollectionViewController.swift in Sources */ = {isa = PBXBuildFile; fileRef = 1B4C757B2580FF4900E20FE3 /* PixabayCollectionViewController.swift */; };
		1B4C75812580FFB000E20FE3 /* NetworkService.swift in Sources */ = {isa = PBXBuildFile; fileRef = 1B4C75802580FFB000E20FE3 /* NetworkService.swift */; };
		1B5FB0F32586B7B900637B31 /* ImageInfo.swift in Sources */ = {isa = PBXBuildFile; fileRef = 1B5FB0F22586B7B900637B31 /* ImageInfo.swift */; };
		1B5FB0F62586B9F600637B31 /* SessionError.swift in Sources */ = {isa = PBXBuildFile; fileRef = 1B5FB0F52586B9F600637B31 /* SessionError.swift */; };
		1B5FB0FA2586BDE300637B31 /* ServerResponse.swift in Sources */ = {isa = PBXBuildFile; fileRef = 1B5FB0F92586BDE300637B31 /* ServerResponse.swift */; };
		1B5FB0FE2586C62700637B31 /* ImageViewCell.swift in Sources */ = {isa = PBXBuildFile; fileRef = 1B5FB0FD2586C62700637B31 /* ImageViewCell.swift */; };
		1B9F742325A5D0F5007B9548 /* ImageScrollView.swift in Sources */ = {isa = PBXBuildFile; fileRef = 1B9F742225A5D0F5007B9548 /* ImageScrollView.swift */; };
		1BD78E0825921CE5005DAD80 /* EditorsChoiceCollectionViewController.swift in Sources */ = {isa = PBXBuildFile; fileRef = 1BD78E0725921CE5005DAD80 /* EditorsChoiceCollectionViewController.swift */; };
		1BD78E0E25922F0E005DAD80 /* SearchHeaderView.swift in Sources */ = {isa = PBXBuildFile; fileRef = 1BD78E0D25922F0E005DAD80 /* SearchHeaderView.swift */; };
		1BD78E1525925BCC005DAD80 /* CompositionalLayoutForEditors.swift in Sources */ = {isa = PBXBuildFile; fileRef = 1BD78E1425925BCC005DAD80 /* CompositionalLayoutForEditors.swift */; };
		1BD78E1825925EAB005DAD80 /* Extension.swift in Sources */ = {isa = PBXBuildFile; fileRef = 1BD78E1725925EAB005DAD80 /* Extension.swift */; };
		1BE1A3D8258A45800026F967 /* PictureDetailsViewController.swift in Sources */ = {isa = PBXBuildFile; fileRef = 1BE1A3D7258A45800026F967 /* PictureDetailsViewController.swift */; };
		1BE58A2C258904C9004B1316 /* CacheManager.swift in Sources */ = {isa = PBXBuildFile; fileRef = 1BE58A2B258904C9004B1316 /* CacheManager.swift */; };
/* End PBXBuildFile section */

/* Begin PBXFileReference section */
		1B07B820258AC22C006760C5 /* CompositionalLayout.swift */ = {isa = PBXFileReference; lastKnownFileType = sourcecode.swift; path = CompositionalLayout.swift; sourceTree = "<group>"; };
		1B4C755E2580F82400E20FE3 /* PixabaySearch.app */ = {isa = PBXFileReference; explicitFileType = wrapper.application; includeInIndex = 0; path = PixabaySearch.app; sourceTree = BUILT_PRODUCTS_DIR; };
		1B4C75612580F82400E20FE3 /* AppDelegate.swift */ = {isa = PBXFileReference; lastKnownFileType = sourcecode.swift; path = AppDelegate.swift; sourceTree = "<group>"; };
		1B4C75632580F82400E20FE3 /* SceneDelegate.swift */ = {isa = PBXFileReference; lastKnownFileType = sourcecode.swift; path = SceneDelegate.swift; sourceTree = "<group>"; };
		1B4C75682580F82500E20FE3 /* Base */ = {isa = PBXFileReference; lastKnownFileType = file.storyboard; name = Base; path = Base.lproj/Main.storyboard; sourceTree = "<group>"; };
		1B4C756A2580F82600E20FE3 /* Assets.xcassets */ = {isa = PBXFileReference; lastKnownFileType = folder.assetcatalog; path = Assets.xcassets; sourceTree = "<group>"; };
		1B4C756D2580F82600E20FE3 /* Base */ = {isa = PBXFileReference; lastKnownFileType = file.storyboard; name = Base; path = Base.lproj/LaunchScreen.storyboard; sourceTree = "<group>"; };
		1B4C756F2580F82600E20FE3 /* Info.plist */ = {isa = PBXFileReference; lastKnownFileType = text.plist.xml; path = Info.plist; sourceTree = "<group>"; };
		1B4C757B2580FF4900E20FE3 /* PixabayCollectionViewController.swift */ = {isa = PBXFileReference; lastKnownFileType = sourcecode.swift; path = PixabayCollectionViewController.swift; sourceTree = "<group>"; };
		1B4C75802580FFB000E20FE3 /* NetworkService.swift */ = {isa = PBXFileReference; lastKnownFileType = sourcecode.swift; path = NetworkService.swift; sourceTree = "<group>"; };
		1B5FB0F22586B7B900637B31 /* ImageInfo.swift */ = {isa = PBXFileReference; lastKnownFileType = sourcecode.swift; path = ImageInfo.swift; sourceTree = "<group>"; };
		1B5FB0F52586B9F600637B31 /* SessionError.swift */ = {isa = PBXFileReference; lastKnownFileType = sourcecode.swift; path = SessionError.swift; sourceTree = "<group>"; };
		1B5FB0F92586BDE300637B31 /* ServerResponse.swift */ = {isa = PBXFileReference; lastKnownFileType = sourcecode.swift; path = ServerResponse.swift; sourceTree = "<group>"; };
		1B5FB0FD2586C62700637B31 /* ImageViewCell.swift */ = {isa = PBXFileReference; lastKnownFileType = sourcecode.swift; path = ImageViewCell.swift; sourceTree = "<group>"; };
		1B9F742225A5D0F5007B9548 /* ImageScrollView.swift */ = {isa = PBXFileReference; lastKnownFileType = sourcecode.swift; path = ImageScrollView.swift; sourceTree = "<group>"; };
		1BD78E0725921CE5005DAD80 /* EditorsChoiceCollectionViewController.swift */ = {isa = PBXFileReference; lastKnownFileType = sourcecode.swift; path = EditorsChoiceCollectionViewController.swift; sourceTree = "<group>"; };
		1BD78E0D25922F0E005DAD80 /* SearchHeaderView.swift */ = {isa = PBXFileReference; lastKnownFileType = sourcecode.swift; path = SearchHeaderView.swift; sourceTree = "<group>"; };
		1BD78E1425925BCC005DAD80 /* CompositionalLayoutForEditors.swift */ = {isa = PBXFileReference; lastKnownFileType = sourcecode.swift; path = CompositionalLayoutForEditors.swift; sourceTree = "<group>"; };
		1BD78E1725925EAB005DAD80 /* Extension.swift */ = {isa = PBXFileReference; lastKnownFileType = sourcecode.swift; path = Extension.swift; sourceTree = "<group>"; };
		1BE1A3D7258A45800026F967 /* PictureDetailsViewController.swift */ = {isa = PBXFileReference; lastKnownFileType = sourcecode.swift; path = PictureDetailsViewController.swift; sourceTree = "<group>"; };
		1BE58A2B258904C9004B1316 /* CacheManager.swift */ = {isa = PBXFileReference; lastKnownFileType = sourcecode.swift; path = CacheManager.swift; sourceTree = "<group>"; };
/* End PBXFileReference section */

/* Begin PBXFrameworksBuildPhase section */
		1B4C755B2580F82400E20FE3 /* Frameworks */ = {
			isa = PBXFrameworksBuildPhase;
			buildActionMask = 2147483647;
			files = (
			);
			runOnlyForDeploymentPostprocessing = 0;
		};
/* End PBXFrameworksBuildPhase section */

/* Begin PBXGroup section */
		1B4C75552580F82400E20FE3 = {
			isa = PBXGroup;
			children = (
				1B4C75602580F82400E20FE3 /* PixabaySearch */,
				1B4C755F2580F82400E20FE3 /* Products */,
			);
			sourceTree = "<group>";
		};
		1B4C755F2580F82400E20FE3 /* Products */ = {
			isa = PBXGroup;
			children = (
				1B4C755E2580F82400E20FE3 /* PixabaySearch.app */,
			);
			name = Products;
			sourceTree = "<group>";
		};
		1B4C75602580F82400E20FE3 /* PixabaySearch */ = {
			isa = PBXGroup;
			children = (
				1B5FB0FC2586C5FF00637B31 /* View */,
				1B5FB0F12586B7A600637B31 /* Model */,
				1B4C757F2580FF7300E20FE3 /* Service */,
				1B4C757A2580FF0F00E20FE3 /* ViewControllers */,
				1B4C75772580FEC900E20FE3 /* AppDelegates */,
				1B4C75792580FED600E20FE3 /* Storyboards */,
				1B4C756A2580F82600E20FE3 /* Assets.xcassets */,
				1B4C756F2580F82600E20FE3 /* Info.plist */,
			);
			path = PixabaySearch;
			sourceTree = "<group>";
		};
		1B4C75772580FEC900E20FE3 /* AppDelegates */ = {
			isa = PBXGroup;
			children = (
				1B4C75612580F82400E20FE3 /* AppDelegate.swift */,
				1B4C75632580F82400E20FE3 /* SceneDelegate.swift */,
			);
			path = AppDelegates;
			sourceTree = "<group>";
		};
		1B4C75792580FED600E20FE3 /* Storyboards */ = {
			isa = PBXGroup;
			children = (
				1B4C75672580F82500E20FE3 /* Main.storyboard */,
				1B4C756C2580F82600E20FE3 /* LaunchScreen.storyboard */,
			);
			path = Storyboards;
			sourceTree = "<group>";
		};
		1B4C757A2580FF0F00E20FE3 /* ViewControllers */ = {
			isa = PBXGroup;
			children = (
				1B4C757B2580FF4900E20FE3 /* PixabayCollectionViewController.swift */,
				1BE1A3D7258A45800026F967 /* PictureDetailsViewController.swift */,
				1BD78E0725921CE5005DAD80 /* EditorsChoiceCollectionViewController.swift */,
			);
			path = ViewControllers;
			sourceTree = "<group>";
		};
		1B4C757F2580FF7300E20FE3 /* Service */ = {
			isa = PBXGroup;
			children = (
				1B4C75802580FFB000E20FE3 /* NetworkService.swift */,
				1BE58A2B258904C9004B1316 /* CacheManager.swift */,
				1B07B820258AC22C006760C5 /* CompositionalLayout.swift */,
				1BD78E1425925BCC005DAD80 /* CompositionalLayoutForEditors.swift */,
				1BD78E1725925EAB005DAD80 /* Extension.swift */,
			);
			path = Service;
			sourceTree = "<group>";
		};
		1B5FB0F12586B7A600637B31 /* Model */ = {
			isa = PBXGroup;
			children = (
				1B5FB0F92586BDE300637B31 /* ServerResponse.swift */,
				1B5FB0F22586B7B900637B31 /* ImageInfo.swift */,
				1B5FB0F52586B9F600637B31 /* SessionError.swift */,
			);
			path = Model;
			sourceTree = "<group>";
		};
		1B5FB0FC2586C5FF00637B31 /* View */ = {
			isa = PBXGroup;
			children = (
				1B5FB0FD2586C62700637B31 /* ImageViewCell.swift */,
				1BD78E0D25922F0E005DAD80 /* SearchHeaderView.swift */,
				1B9F742225A5D0F5007B9548 /* ImageScrollView.swift */,
			);
			path = View;
			sourceTree = "<group>";
		};
/* End PBXGroup section */

/* Begin PBXNativeTarget section */
		1B4C755D2580F82400E20FE3 /* PixabaySearch */ = {
			isa = PBXNativeTarget;
			buildConfigurationList = 1B4C75722580F82600E20FE3 /* Build configuration list for PBXNativeTarget "PixabaySearch" */;
			buildPhases = (
				1B4C755A2580F82400E20FE3 /* Sources */,
				1B4C755B2580F82400E20FE3 /* Frameworks */,
				1B4C755C2580F82400E20FE3 /* Resources */,
			);
			buildRules = (
			);
			dependencies = (
			);
			name = PixabaySearch;
			productName = PixabaySearch;
			productReference = 1B4C755E2580F82400E20FE3 /* PixabaySearch.app */;
			productType = "com.apple.product-type.application";
		};
/* End PBXNativeTarget section */

/* Begin PBXProject section */
		1B4C75562580F82400E20FE3 /* Project object */ = {
			isa = PBXProject;
			attributes = {
				LastSwiftUpdateCheck = 1220;
				LastUpgradeCheck = 1220;
				TargetAttributes = {
					1B4C755D2580F82400E20FE3 = {
						CreatedOnToolsVersion = 12.2;
					};
				};
			};
			buildConfigurationList = 1B4C75592580F82400E20FE3 /* Build configuration list for PBXProject "PixabaySearch" */;
			compatibilityVersion = "Xcode 9.3";
			developmentRegion = en;
			hasScannedForEncodings = 0;
			knownRegions = (
				en,
				Base,
			);
			mainGroup = 1B4C75552580F82400E20FE3;
			productRefGroup = 1B4C755F2580F82400E20FE3 /* Products */;
			projectDirPath = "";
			projectRoot = "";
			targets = (
				1B4C755D2580F82400E20FE3 /* PixabaySearch */,
			);
		};
/* End PBXProject section */

/* Begin PBXResourcesBuildPhase section */
		1B4C755C2580F82400E20FE3 /* Resources */ = {
			isa = PBXResourcesBuildPhase;
			buildActionMask = 2147483647;
			files = (
				1B4C756E2580F82600E20FE3 /* LaunchScreen.storyboard in Resources */,
				1B4C756B2580F82600E20FE3 /* Assets.xcassets in Resources */,
				1B4C75692580F82500E20FE3 /* Main.storyboard in Resources */,
			);
			runOnlyForDeploymentPostprocessing = 0;
		};
/* End PBXResourcesBuildPhase section */

/* Begin PBXSourcesBuildPhase section */
		1B4C755A2580F82400E20FE3 /* Sources */ = {
			isa = PBXSourcesBuildPhase;
			buildActionMask = 2147483647;
			files = (
				1BE1A3D8258A45800026F967 /* PictureDetailsViewController.swift in Sources */,
				1B4C75622580F82400E20FE3 /* AppDelegate.swift in Sources */,
				1BE58A2C258904C9004B1316 /* CacheManager.swift in Sources */,
				1B5FB0F32586B7B900637B31 /* ImageInfo.swift in Sources */,
				1B4C75642580F82400E20FE3 /* SceneDelegate.swift in Sources */,
				1BD78E0E25922F0E005DAD80 /* SearchHeaderView.swift in Sources */,
				1B4C75812580FFB000E20FE3 /* NetworkService.swift in Sources */,
				1B5FB0FE2586C62700637B31 /* ImageViewCell.swift in Sources */,
				1BD78E1525925BCC005DAD80 /* CompositionalLayoutForEditors.swift in Sources */,
				1B07B821258AC22C006760C5 /* CompositionalLayout.swift in Sources */,
				1B5FB0FA2586BDE300637B31 /* ServerResponse.swift in Sources */,
				1B4C757C2580FF4900E20FE3 /* PixabayCollectionViewController.swift in Sources */,
				1BD78E0825921CE5005DAD80 /* EditorsChoiceCollectionViewController.swift in Sources */,
				1B9F742325A5D0F5007B9548 /* ImageScrollView.swift in Sources */,
				1BD78E1825925EAB005DAD80 /* Extension.swift in Sources */,
				1B5FB0F62586B9F600637B31 /* SessionError.swift in Sources */,
			);
			runOnlyForDeploymentPostprocessing = 0;
		};
/* End PBXSourcesBuildPhase section */

/* Begin PBXVariantGroup section */
		1B4C75672580F82500E20FE3 /* Main.storyboard */ = {
			isa = PBXVariantGroup;
			children = (
				1B4C75682580F82500E20FE3 /* Base */,
			);
			name = Main.storyboard;
			sourceTree = "<group>";
		};
		1B4C756C2580F82600E20FE3 /* LaunchScreen.storyboard */ = {
			isa = PBXVariantGroup;
			children = (
				1B4C756D2580F82600E20FE3 /* Base */,
			);
			name = LaunchScreen.storyboard;
			sourceTree = "<group>";
		};
/* End PBXVariantGroup section */

/* Begin XCBuildConfiguration section */
		1B4C75702580F82600E20FE3 /* Debug */ = {
			isa = XCBuildConfiguration;
			buildSettings = {
				ALWAYS_SEARCH_USER_PATHS = NO;
				CLANG_ANALYZER_NONNULL = YES;
				CLANG_ANALYZER_NUMBER_OBJECT_CONVERSION = YES_AGGRESSIVE;
				CLANG_CXX_LANGUAGE_STANDARD = "gnu++14";
				CLANG_CXX_LIBRARY = "libc++";
				CLANG_ENABLE_MODULES = YES;
				CLANG_ENABLE_OBJC_ARC = YES;
				CLANG_ENABLE_OBJC_WEAK = YES;
				CLANG_WARN_BLOCK_CAPTURE_AUTORELEASING = YES;
				CLANG_WARN_BOOL_CONVERSION = YES;
				CLANG_WARN_COMMA = YES;
				CLANG_WARN_CONSTANT_CONVERSION = YES;
				CLANG_WARN_DEPRECATED_OBJC_IMPLEMENTATIONS = YES;
				CLANG_WARN_DIRECT_OBJC_ISA_USAGE = YES_ERROR;
				CLANG_WARN_DOCUMENTATION_COMMENTS = YES;
				CLANG_WARN_EMPTY_BODY = YES;
				CLANG_WARN_ENUM_CONVERSION = YES;
				CLANG_WARN_INFINITE_RECURSION = YES;
				CLANG_WARN_INT_CONVERSION = YES;
				CLANG_WARN_NON_LITERAL_NULL_CONVERSION = YES;
				CLANG_WARN_OBJC_IMPLICIT_RETAIN_SELF = YES;
				CLANG_WARN_OBJC_LITERAL_CONVERSION = YES;
				CLANG_WARN_OBJC_ROOT_CLASS = YES_ERROR;
				CLANG_WARN_QUOTED_INCLUDE_IN_FRAMEWORK_HEADER = YES;
				CLANG_WARN_RANGE_LOOP_ANALYSIS = YES;
				CLANG_WARN_STRICT_PROTOTYPES = YES;
				CLANG_WARN_SUSPICIOUS_MOVE = YES;
				CLANG_WARN_UNGUARDED_AVAILABILITY = YES_AGGRESSIVE;
				CLANG_WARN_UNREACHABLE_CODE = YES;
				CLANG_WARN__DUPLICATE_METHOD_MATCH = YES;
				COPY_PHASE_STRIP = NO;
				DEBUG_INFORMATION_FORMAT = dwarf;
				ENABLE_STRICT_OBJC_MSGSEND = YES;
				ENABLE_TESTABILITY = YES;
				GCC_C_LANGUAGE_STANDARD = gnu11;
				GCC_DYNAMIC_NO_PIC = NO;
				GCC_NO_COMMON_BLOCKS = YES;
				GCC_OPTIMIZATION_LEVEL = 0;
				GCC_PREPROCESSOR_DEFINITIONS = (
					"DEBUG=1",
					"$(inherited)",
				);
				GCC_WARN_64_TO_32_BIT_CONVERSION = YES;
				GCC_WARN_ABOUT_RETURN_TYPE = YES_ERROR;
				GCC_WARN_UNDECLARED_SELECTOR = YES;
				GCC_WARN_UNINITIALIZED_AUTOS = YES_AGGRESSIVE;
				GCC_WARN_UNUSED_FUNCTION = YES;
				GCC_WARN_UNUSED_VARIABLE = YES;
				IPHONEOS_DEPLOYMENT_TARGET = 14.2;
				MTL_ENABLE_DEBUG_INFO = INCLUDE_SOURCE;
				MTL_FAST_MATH = YES;
				ONLY_ACTIVE_ARCH = YES;
				SDKROOT = iphoneos;
				SWIFT_ACTIVE_COMPILATION_CONDITIONS = DEBUG;
				SWIFT_OPTIMIZATION_LEVEL = "-Onone";
			};
			name = Debug;
		};
		1B4C75712580F82600E20FE3 /* Release */ = {
			isa = XCBuildConfiguration;
			buildSettings = {
				ALWAYS_SEARCH_USER_PATHS = NO;
				CLANG_ANALYZER_NONNULL = YES;
				CLANG_ANALYZER_NUMBER_OBJECT_CONVERSION = YES_AGGRESSIVE;
				CLANG_CXX_LANGUAGE_STANDARD = "gnu++14";
				CLANG_CXX_LIBRARY = "libc++";
				CLANG_ENABLE_MODULES = YES;
				CLANG_ENABLE_OBJC_ARC = YES;
				CLANG_ENABLE_OBJC_WEAK = YES;
				CLANG_WARN_BLOCK_CAPTURE_AUTORELEASING = YES;
				CLANG_WARN_BOOL_CONVERSION = YES;
				CLANG_WARN_COMMA = YES;
				CLANG_WARN_CONSTANT_CONVERSION = YES;
				CLANG_WARN_DEPRECATED_OBJC_IMPLEMENTATIONS = YES;
				CLANG_WARN_DIRECT_OBJC_ISA_USAGE = YES_ERROR;
				CLANG_WARN_DOCUMENTATION_COMMENTS = YES;
				CLANG_WARN_EMPTY_BODY = YES;
				CLANG_WARN_ENUM_CONVERSION = YES;
				CLANG_WARN_INFINITE_RECURSION = YES;
				CLANG_WARN_INT_CONVERSION = YES;
				CLANG_WARN_NON_LITERAL_NULL_CONVERSION = YES;
				CLANG_WARN_OBJC_IMPLICIT_RETAIN_SELF = YES;
				CLANG_WARN_OBJC_LITERAL_CONVERSION = YES;
				CLANG_WARN_OBJC_ROOT_CLASS = YES_ERROR;
				CLANG_WARN_QUOTED_INCLUDE_IN_FRAMEWORK_HEADER = YES;
				CLANG_WARN_RANGE_LOOP_ANALYSIS = YES;
				CLANG_WARN_STRICT_PROTOTYPES = YES;
				CLANG_WARN_SUSPICIOUS_MOVE = YES;
				CLANG_WARN_UNGUARDED_AVAILABILITY = YES_AGGRESSIVE;
				CLANG_WARN_UNREACHABLE_CODE = YES;
				CLANG_WARN__DUPLICATE_METHOD_MATCH = YES;
				COPY_PHASE_STRIP = NO;
				DEBUG_INFORMATION_FORMAT = "dwarf-with-dsym";
				ENABLE_NS_ASSERTIONS = NO;
				ENABLE_STRICT_OBJC_MSGSEND = YES;
				GCC_C_LANGUAGE_STANDARD = gnu11;
				GCC_NO_COMMON_BLOCKS = YES;
				GCC_WARN_64_TO_32_BIT_CONVERSION = YES;
				GCC_WARN_ABOUT_RETURN_TYPE = YES_ERROR;
				GCC_WARN_UNDECLARED_SELECTOR = YES;
				GCC_WARN_UNINITIALIZED_AUTOS = YES_AGGRESSIVE;
				GCC_WARN_UNUSED_FUNCTION = YES;
				GCC_WARN_UNUSED_VARIABLE = YES;
				IPHONEOS_DEPLOYMENT_TARGET = 14.2;
				MTL_ENABLE_DEBUG_INFO = NO;
				MTL_FAST_MATH = YES;
				SDKROOT = iphoneos;
				SWIFT_COMPILATION_MODE = wholemodule;
				SWIFT_OPTIMIZATION_LEVEL = "-O";
				VALIDATE_PRODUCT = YES;
			};
			name = Release;
		};
		1B4C75732580F82600E20FE3 /* Debug */ = {
			isa = XCBuildConfiguration;
			buildSettings = {
				ASSETCATALOG_COMPILER_APPICON_NAME = AppIcon;
				ASSETCATALOG_COMPILER_GLOBAL_ACCENT_COLOR_NAME = AccentColor;
				CODE_SIGN_STYLE = Automatic;
				DEVELOPMENT_TEAM = 3N5SU7Y3U3;
				INFOPLIST_FILE = PixabaySearch/Info.plist;
				IPHONEOS_DEPLOYMENT_TARGET = 13.0;
				LD_RUNPATH_SEARCH_PATHS = (
					"$(inherited)",
					"@executable_path/Frameworks",
				);
				PRODUCT_BUNDLE_IDENTIFIER = anfisa.PixabaySearch;
				PRODUCT_NAME = "$(TARGET_NAME)";
				SWIFT_VERSION = 5.0;
				TARGETED_DEVICE_FAMILY = "1,2";
			};
			name = Debug;
		};
		1B4C75742580F82600E20FE3 /* Release */ = {
			isa = XCBuildConfiguration;
			buildSettings = {
				ASSETCATALOG_COMPILER_APPICON_NAME = AppIcon;
				ASSETCATALOG_COMPILER_GLOBAL_ACCENT_COLOR_NAME = AccentColor;
				CODE_SIGN_STYLE = Automatic;
				DEVELOPMENT_TEAM = 3N5SU7Y3U3;
				INFOPLIST_FILE = PixabaySearch/Info.plist;
				IPHONEOS_DEPLOYMENT_TARGET = 13.0;
				LD_RUNPATH_SEARCH_PATHS = (
					"$(inherited)",
					"@executable_path/Frameworks",
				);
				PRODUCT_BUNDLE_IDENTIFIER = anfisa.PixabaySearch;
				PRODUCT_NAME = "$(TARGET_NAME)";
				SWIFT_VERSION = 5.0;
				TARGETED_DEVICE_FAMILY = "1,2";
			};
			name = Release;
		};
/* End XCBuildConfiguration section */

/* Begin XCConfigurationList section */
		1B4C75592580F82400E20FE3 /* Build configuration list for PBXProject "PixabaySearch" */ = {
			isa = XCConfigurationList;
			buildConfigurations = (
				1B4C75702580F82600E20FE3 /* Debug */,
				1B4C75712580F82600E20FE3 /* Release */,
			);
			defaultConfigurationIsVisible = 0;
			defaultConfigurationName = Release;
		};
		1B4C75722580F82600E20FE3 /* Build configuration list for PBXNativeTarget "PixabaySearch" */ = {
			isa = XCConfigurationList;
			buildConfigurations = (
				1B4C75732580F82600E20FE3 /* Debug */,
				1B4C75742580F82600E20FE3 /* Release */,
			);
			defaultConfigurationIsVisible = 0;
			defaultConfigurationName = Release;
		};
/* End XCConfigurationList section */
	};
	rootObject = 1B4C75562580F82400E20FE3 /* Project object */;
}
